Microsoft Visual Studio Solution File, Format Version 12.00
# Visual Studio 15
VisualStudioVersion = 15.0.27130.2027
MinimumVisualStudioVersion = 10.0.40219.1
Project("{F184B08F-C81C-45F6-A57F-5ABD9991F28F}") = "ParamFileGenerator", "ParamFileGenerator\ParamFileGenerator.vbproj", "{0E902ED7-5BCE-43F9-8F07-F195BCE7285D}"
EndProject
Project("{F184B08F-C81C-45F6-A57F-5ABD9991F28F}") = "ParamFileEditor", "ParamFileEditor\ParamFileEditor.vbproj", "{DF84F4CE-B4B1-43B7-B169-84078341607F}"
EndProject
Project("{F184B08F-C81C-45F6-A57F-5ABD9991F28F}") = "ParamGenTest", "ParamGenTest\ParamGenTest.vbproj", "{C99B2126-0B2B-4C48-A063-A5784C7C3774}"
EndProject
Global
	GlobalSection(SolutionConfigurationPlatforms) = preSolution
		Debug|Any CPU = Debug|Any CPU
		Debug|x86 = Debug|x86
		Release|Any CPU = Release|Any CPU
		Release|x86 = Release|x86
	EndGlobalSection
	GlobalSection(ProjectConfigurationPlatforms) = postSolution
		{0E902ED7-5BCE-43F9-8F07-F195BCE7285D}.Debug|Any CPU.ActiveCfg = Debug|Any CPU
		{0E902ED7-5BCE-43F9-8F07-F195BCE7285D}.Debug|Any CPU.Build.0 = Debug|Any CPU
		{0E902ED7-5BCE-43F9-8F07-F195BCE7285D}.Debug|x86.ActiveCfg = Debug|x86
		{0E902ED7-5BCE-43F9-8F07-F195BCE7285D}.Debug|x86.Build.0 = Debug|x86
		{0E902ED7-5BCE-43F9-8F07-F195BCE7285D}.Release|Any CPU.ActiveCfg = Release|Any CPU
		{0E902ED7-5BCE-43F9-8F07-F195BCE7285D}.Release|Any CPU.Build.0 = Release|Any CPU
		{0E902ED7-5BCE-43F9-8F07-F195BCE7285D}.Release|x86.ActiveCfg = Release|Any CPU
		{0E902ED7-5BCE-43F9-8F07-F195BCE7285D}.Release|x86.Build.0 = Release|Any CPU
		{DF84F4CE-B4B1-43B7-B169-84078341607F}.Debug|Any CPU.ActiveCfg = Debug|Any CPU
		{DF84F4CE-B4B1-43B7-B169-84078341607F}.Debug|Any CPU.Build.0 = Debug|Any CPU
		{DF84F4CE-B4B1-43B7-B169-84078341607F}.Debug|x86.ActiveCfg = Debug|x86
		{DF84F4CE-B4B1-43B7-B169-84078341607F}.Debug|x86.Build.0 = Debug|x86
		{DF84F4CE-B4B1-43B7-B169-84078341607F}.Release|Any CPU.ActiveCfg = Release|Any CPU
		{DF84F4CE-B4B1-43B7-B169-84078341607F}.Release|Any CPU.Build.0 = Release|Any CPU
		{DF84F4CE-B4B1-43B7-B169-84078341607F}.Release|x86.ActiveCfg = Release|x86
		{DF84F4CE-B4B1-43B7-B169-84078341607F}.Release|x86.Build.0 = Release|x86
		{C99B2126-0B2B-4C48-A063-A5784C7C3774}.Debug|Any CPU.ActiveCfg = Debug|Any CPU
		{C99B2126-0B2B-4C48-A063-A5784C7C3774}.Debug|Any CPU.Build.0 = Debug|Any CPU
		{C99B2126-0B2B-4C48-A063-A5784C7C3774}.Debug|x86.ActiveCfg = Debug|x86
		{C99B2126-0B2B-4C48-A063-A5784C7C3774}.Debug|x86.Build.0 = Debug|x86
		{C99B2126-0B2B-4C48-A063-A5784C7C3774}.Release|Any CPU.ActiveCfg = Release|Any CPU
		{C99B2126-0B2B-4C48-A063-A5784C7C3774}.Release|Any CPU.Build.0 = Release|Any CPU
		{C99B2126-0B2B-4C48-A063-A5784C7C3774}.Release|x86.ActiveCfg = Release|Any CPU
	EndGlobalSection
	GlobalSection(SolutionProperties) = preSolution
		HideSolutionNode = FALSE
	EndGlobalSection
	GlobalSection(ExtensibilityGlobals) = postSolution
		SolutionGuid = {E8C272E2-C01F-4CA6-AFB7-F8F60E30307D}
	EndGlobalSection
	GlobalSection(SubversionScc) = preSolution
		Svn-Managed = True
		Manager = AnkhSVN - Subversion Support for Visual Studio
	EndGlobalSection
EndGlobal
