Microsoft Visual Studio Solution File, Format Version 8.00
Project("{F184B08F-C81C-45F6-A57F-5ABD9991F28F}") = "ParamFileEditor", "ParamFileEditor\ParamFileEditor.vbproj", "{DF84F4CE-B4B1-43B7-B169-84078341607F}"
	ProjectSection(ProjectDependencies) = postProject
	EndProjectSection
EndProject
Project("{F184B08F-C81C-45F6-A57F-5ABD9991F28F}") = "ParamFileGenerator", "ParamFileGenerator\ParamFileGenerator.vbproj", "{0E902ED7-5BCE-43F9-8F07-F195BCE7285D}"
	ProjectSection(ProjectDependencies) = postProject
	EndProjectSection
EndProject
Project("{F184B08F-C81C-45F6-A57F-5ABD9991F28F}") = "ParamGenTest", "..\ParamFileGenerator\ParamGenTest\ParamGenTest.vbproj", "{656C89E6-8FD5-4DB6-9B5A-BA8F75409586}"
	ProjectSection(ProjectDependencies) = postProject
		{0E902ED7-5BCE-43F9-8F07-F195BCE7285D} = {0E902ED7-5BCE-43F9-8F07-F195BCE7285D}
	EndProjectSection
EndProject
Global
	GlobalSection(SolutionConfiguration) = preSolution
		Debug = Debug
		Release = Release
	EndGlobalSection
	GlobalSection(ProjectConfiguration) = postSolution
		{DF84F4CE-B4B1-43B7-B169-84078341607F}.Debug.ActiveCfg = Debug|.NET
		{DF84F4CE-B4B1-43B7-B169-84078341607F}.Debug.Build.0 = Debug|.NET
		{DF84F4CE-B4B1-43B7-B169-84078341607F}.Release.ActiveCfg = Release|.NET
		{DF84F4CE-B4B1-43B7-B169-84078341607F}.Release.Build.0 = Release|.NET
		{0E902ED7-5BCE-43F9-8F07-F195BCE7285D}.Debug.ActiveCfg = Debug|.NET
		{0E902ED7-5BCE-43F9-8F07-F195BCE7285D}.Debug.Build.0 = Debug|.NET
		{0E902ED7-5BCE-43F9-8F07-F195BCE7285D}.Release.ActiveCfg = Release|.NET
		{0E902ED7-5BCE-43F9-8F07-F195BCE7285D}.Release.Build.0 = Release|.NET
		{656C89E6-8FD5-4DB6-9B5A-BA8F75409586}.Debug.ActiveCfg = Debug|.NET
		{656C89E6-8FD5-4DB6-9B5A-BA8F75409586}.Debug.Build.0 = Debug|.NET
		{656C89E6-8FD5-4DB6-9B5A-BA8F75409586}.Release.ActiveCfg = Release|.NET
		{656C89E6-8FD5-4DB6-9B5A-BA8F75409586}.Release.Build.0 = Release|.NET
	EndGlobalSection
	GlobalSection(ExtensibilityGlobals) = postSolution
	EndGlobalSection
	GlobalSection(ExtensibilityAddIns) = postSolution
	EndGlobalSection
EndGlobal
